// !$*UTF8*$!
{
	archiveVersion = 1;
	classes = {
	};
	objectVersion = 50;
	objects = {

/* Begin PBXBuildFile section */
		16B4EB2F234565A600EEFE82 /* QRViewController.swift in Sources */ = {isa = PBXBuildFile; fileRef = 16B4EB2E234565A600EEFE82 /* QRViewController.swift */; };
		16B4EB31234565FD00EEFE82 /* PickerViewController.swift in Sources */ = {isa = PBXBuildFile; fileRef = 16B4EB30234565FD00EEFE82 /* PickerViewController.swift */; };
		16BC9D592345130A0091C87F /* AppDelegate.swift in Sources */ = {isa = PBXBuildFile; fileRef = 16BC9D582345130A0091C87F /* AppDelegate.swift */; };
		16BC9D5B2345130A0091C87F /* art.scnassets in Resources */ = {isa = PBXBuildFile; fileRef = 16BC9D5A2345130A0091C87F /* art.scnassets */; };
		16BC9D5D2345130A0091C87F /* ScenceVC.swift in Sources */ = {isa = PBXBuildFile; fileRef = 16BC9D5C2345130A0091C87F /* ScenceVC.swift */; };
		16BC9D602345130A0091C87F /* Main.storyboard in Resources */ = {isa = PBXBuildFile; fileRef = 16BC9D5E2345130A0091C87F /* Main.storyboard */; };
		16BC9D622345130C0091C87F /* Assets.xcassets in Resources */ = {isa = PBXBuildFile; fileRef = 16BC9D612345130C0091C87F /* Assets.xcassets */; };
		16BC9D652345130C0091C87F /* LaunchScreen.storyboard in Resources */ = {isa = PBXBuildFile; fileRef = 16BC9D632345130C0091C87F /* LaunchScreen.storyboard */; };
		69375BED6F0189F042027FCD /* Pods_ARKitFindor.framework in Frameworks */ = {isa = PBXBuildFile; fileRef = 53316F44733D223372184EF3 /* Pods_ARKitFindor.framework */; };
/* End PBXBuildFile section */

/* Begin PBXFileReference section */
		16B4EB2E234565A600EEFE82 /* QRViewController.swift */ = {isa = PBXFileReference; lastKnownFileType = sourcecode.swift; name = QRViewController.swift; path = ../QRViewController.swift; sourceTree = "<group>"; };
		16B4EB30234565FD00EEFE82 /* PickerViewController.swift */ = {isa = PBXFileReference; lastKnownFileType = sourcecode.swift; name = PickerViewController.swift; path = ../PickerViewController.swift; sourceTree = "<group>"; };
		16BC9D552345130A0091C87F /* ARKitFindor.app */ = {isa = PBXFileReference; explicitFileType = wrapper.application; includeInIndex = 0; path = ARKitFindor.app; sourceTree = BUILT_PRODUCTS_DIR; };
		16BC9D582345130A0091C87F /* AppDelegate.swift */ = {isa = PBXFileReference; lastKnownFileType = sourcecode.swift; path = AppDelegate.swift; sourceTree = "<group>"; };
		16BC9D5A2345130A0091C87F /* art.scnassets */ = {isa = PBXFileReference; lastKnownFileType = wrapper.scnassets; path = art.scnassets; sourceTree = "<group>"; };
		16BC9D5C2345130A0091C87F /* ScenceVC.swift */ = {isa = PBXFileReference; lastKnownFileType = sourcecode.swift; name = ScenceVC.swift; path = ../ScenceVC.swift; sourceTree = "<group>"; };
		16BC9D5F2345130A0091C87F /* Base */ = {isa = PBXFileReference; lastKnownFileType = file.storyboard; name = Base; path = Base.lproj/Main.storyboard; sourceTree = "<group>"; };
		16BC9D612345130C0091C87F /* Assets.xcassets */ = {isa = PBXFileReference; lastKnownFileType = folder.assetcatalog; path = Assets.xcassets; sourceTree = "<group>"; };
		16BC9D642345130C0091C87F /* Base */ = {isa = PBXFileReference; lastKnownFileType = file.storyboard; name = Base; path = Base.lproj/LaunchScreen.storyboard; sourceTree = "<group>"; };
		16BC9D662345130C0091C87F /* Info.plist */ = {isa = PBXFileReference; lastKnownFileType = text.plist.xml; path = Info.plist; sourceTree = "<group>"; };
		53316F44733D223372184EF3 /* Pods_ARKitFindor.framework */ = {isa = PBXFileReference; explicitFileType = wrapper.framework; includeInIndex = 0; path = Pods_ARKitFindor.framework; sourceTree = BUILT_PRODUCTS_DIR; };
		64CC80D074EA31E61C57DC64 /* Pods-ARKitFindor.debug.xcconfig */ = {isa = PBXFileReference; includeInIndex = 1; lastKnownFileType = text.xcconfig; name = "Pods-ARKitFindor.debug.xcconfig"; path = "Target Support Files/Pods-ARKitFindor/Pods-ARKitFindor.debug.xcconfig"; sourceTree = "<group>"; };
		F532C6430DF835E37EC3E26F /* Pods-ARKitFindor.release.xcconfig */ = {isa = PBXFileReference; includeInIndex = 1; lastKnownFileType = text.xcconfig; name = "Pods-ARKitFindor.release.xcconfig"; path = "Target Support Files/Pods-ARKitFindor/Pods-ARKitFindor.release.xcconfig"; sourceTree = "<group>"; };
/* End PBXFileReference section */

/* Begin PBXFrameworksBuildPhase section */
		16BC9D522345130A0091C87F /* Frameworks */ = {
			isa = PBXFrameworksBuildPhase;
			buildActionMask = 2147483647;
			files = (
				69375BED6F0189F042027FCD /* Pods_ARKitFindor.framework in Frameworks */,
			);
			runOnlyForDeploymentPostprocessing = 0;
		};
/* End PBXFrameworksBuildPhase section */

/* Begin PBXGroup section */
		16B4EB322345688D00EEFE82 /* Controllers */ = {
			isa = PBXGroup;
			children = (
				16BC9D5C2345130A0091C87F /* ScenceVC.swift */,
				16B4EB2E234565A600EEFE82 /* QRViewController.swift */,
				16B4EB30234565FD00EEFE82 /* PickerViewController.swift */,
			);
			path = Controllers;
			sourceTree = "<group>";
		};
		16BC9D4C2345130A0091C87F = {
			isa = PBXGroup;
			children = (
				16BC9D572345130A0091C87F /* ARKitFindor */,
				16BC9D562345130A0091C87F /* Products */,
				AD42916408FB708C7EABBD0A /* Pods */,
				878A70893F0FBDA28E0C18CB /* Frameworks */,
			);
			sourceTree = "<group>";
		};
		16BC9D562345130A0091C87F /* Products */ = {
			isa = PBXGroup;
			children = (
				16BC9D552345130A0091C87F /* ARKitFindor.app */,
			);
			name = Products;
			sourceTree = "<group>";
		};
		16BC9D572345130A0091C87F /* ARKitFindor */ = {
			isa = PBXGroup;
			children = (
				16B4EB322345688D00EEFE82 /* Controllers */,
				16BC9D582345130A0091C87F /* AppDelegate.swift */,
				16BC9D5A2345130A0091C87F /* art.scnassets */,
				16BC9D5E2345130A0091C87F /* Main.storyboard */,
				16BC9D612345130C0091C87F /* Assets.xcassets */,
				16BC9D632345130C0091C87F /* LaunchScreen.storyboard */,
				16BC9D662345130C0091C87F /* Info.plist */,
			);
			path = ARKitFindor;
			sourceTree = "<group>";
		};
		878A70893F0FBDA28E0C18CB /* Frameworks */ = {
			isa = PBXGroup;
			children = (
				53316F44733D223372184EF3 /* Pods_ARKitFindor.framework */,
			);
			name = Frameworks;
			sourceTree = "<group>";
		};
		AD42916408FB708C7EABBD0A /* Pods */ = {
			isa = PBXGroup;
			children = (
				64CC80D074EA31E61C57DC64 /* Pods-ARKitFindor.debug.xcconfig */,
				F532C6430DF835E37EC3E26F /* Pods-ARKitFindor.release.xcconfig */,
			);
			name = Pods;
			path = Pods;
			sourceTree = "<group>";
		};
/* End PBXGroup section */

/* Begin PBXNativeTarget section */
		16BC9D542345130A0091C87F /* ARKitFindor */ = {
			isa = PBXNativeTarget;
			buildConfigurationList = 16BC9D692345130C0091C87F /* Build configuration list for PBXNativeTarget "ARKitFindor" */;
			buildPhases = (
				3AAAB8B1C13601C3E3395966 /* [CP] Check Pods Manifest.lock */,
				16BC9D512345130A0091C87F /* Sources */,
				16BC9D522345130A0091C87F /* Frameworks */,
				16BC9D532345130A0091C87F /* Resources */,
				0C1B8A1BE8B53F4DB0830A87 /* [CP] Embed Pods Frameworks */,
			);
			buildRules = (
			);
			dependencies = (
			);
			name = ARKitFindor;
			productName = ARKitFindor;
			productReference = 16BC9D552345130A0091C87F /* ARKitFindor.app */;
			productType = "com.apple.product-type.application";
		};
/* End PBXNativeTarget section */

/* Begin PBXProject section */
		16BC9D4D2345130A0091C87F /* Project object */ = {
			isa = PBXProject;
			attributes = {
				LastSwiftUpdateCheck = 1030;
				LastUpgradeCheck = 1030;
				ORGANIZATIONNAME = "Khaled Fakharany";
				TargetAttributes = {
					16BC9D542345130A0091C87F = {
						CreatedOnToolsVersion = 10.3;
					};
				};
			};
			buildConfigurationList = 16BC9D502345130A0091C87F /* Build configuration list for PBXProject "ARKitFindor" */;
			compatibilityVersion = "Xcode 9.3";
			developmentRegion = en;
			hasScannedForEncodings = 0;
			knownRegions = (
				en,
				Base,
			);
			mainGroup = 16BC9D4C2345130A0091C87F;
			productRefGroup = 16BC9D562345130A0091C87F /* Products */;
			projectDirPath = "";
			projectRoot = "";
			targets = (
				16BC9D542345130A0091C87F /* ARKitFindor */,
			);
		};
/* End PBXProject section */

/* Begin PBXResourcesBuildPhase section */
		16BC9D532345130A0091C87F /* Resources */ = {
			isa = PBXResourcesBuildPhase;
			buildActionMask = 2147483647;
			files = (
				16BC9D5B2345130A0091C87F /* art.scnassets in Resources */,
				16BC9D652345130C0091C87F /* LaunchScreen.storyboard in Resources */,
				16BC9D622345130C0091C87F /* Assets.xcassets in Resources */,
				16BC9D602345130A0091C87F /* Main.storyboard in Resources */,
			);
			runOnlyForDeploymentPostprocessing = 0;
		};
/* End PBXResourcesBuildPhase section */

/* Begin PBXShellScriptBuildPhase section */
		0C1B8A1BE8B53F4DB0830A87 /* [CP] Embed Pods Frameworks */ = {
			isa = PBXShellScriptBuildPhase;
			buildActionMask = 2147483647;
			files = (
			);
			inputFileListPaths = (
				"${PODS_ROOT}/Target Support Files/Pods-ARKitFindor/Pods-ARKitFindor-frameworks-${CONFIGURATION}-input-files.xcfilelist",
			);
			name = "[CP] Embed Pods Frameworks";
			outputFileListPaths = (
				"${PODS_ROOT}/Target Support Files/Pods-ARKitFindor/Pods-ARKitFindor-frameworks-${CONFIGURATION}-output-files.xcfilelist",
			);
			runOnlyForDeploymentPostprocessing = 0;
			shellPath = /bin/sh;
			shellScript = "\"${PODS_ROOT}/Target Support Files/Pods-ARKitFindor/Pods-ARKitFindor-frameworks.sh\"\n";
			showEnvVarsInLog = 0;
		};
		3AAAB8B1C13601C3E3395966 /* [CP] Check Pods Manifest.lock */ = {
			isa = PBXShellScriptBuildPhase;
			buildActionMask = 2147483647;
			files = (
			);
			inputFileListPaths = (
			);
			inputPaths = (
				"${PODS_PODFILE_DIR_PATH}/Podfile.lock",
				"${PODS_ROOT}/Manifest.lock",
			);
			name = "[CP] Check Pods Manifest.lock";
			outputFileListPaths = (
			);
			outputPaths = (
				"$(DERIVED_FILE_DIR)/Pods-ARKitFindor-checkManifestLockResult.txt",
			);
			runOnlyForDeploymentPostprocessing = 0;
			shellPath = /bin/sh;
			shellScript = "diff \"${PODS_PODFILE_DIR_PATH}/Podfile.lock\" \"${PODS_ROOT}/Manifest.lock\" > /dev/null\nif [ $? != 0 ] ; then\n    # print error to STDERR\n    echo \"error: The sandbox is not in sync with the Podfile.lock. Run 'pod install' or update your CocoaPods installation.\" >&2\n    exit 1\nfi\n# This output is used by Xcode 'outputs' to avoid re-running this script phase.\necho \"SUCCESS\" > \"${SCRIPT_OUTPUT_FILE_0}\"\n";
			showEnvVarsInLog = 0;
		};
/* End PBXShellScriptBuildPhase section */

/* Begin PBXSourcesBuildPhase section */
		16BC9D512345130A0091C87F /* Sources */ = {
			isa = PBXSourcesBuildPhase;
			buildActionMask = 2147483647;
			files = (
				16BC9D5D2345130A0091C87F /* ScenceVC.swift in Sources */,
				16BC9D592345130A0091C87F /* AppDelegate.swift in Sources */,
				16B4EB31234565FD00EEFE82 /* PickerViewController.swift in Sources */,
				16B4EB2F234565A600EEFE82 /* QRViewController.swift in Sources */,
			);
			runOnlyForDeploymentPostprocessing = 0;
		};
/* End PBXSourcesBuildPhase section */

/* Begin PBXVariantGroup section */
		16BC9D5E2345130A0091C87F /* Main.storyboard */ = {
			isa = PBXVariantGroup;
			children = (
				16BC9D5F2345130A0091C87F /* Base */,
			);
			name = Main.storyboard;
			sourceTree = "<group>";
		};
		16BC9D632345130C0091C87F /* LaunchScreen.storyboard */ = {
			isa = PBXVariantGroup;
			children = (
				16BC9D642345130C0091C87F /* Base */,
			);
			name = LaunchScreen.storyboard;
			sourceTree = "<group>";
		};
/* End PBXVariantGroup section */

/* Begin XCBuildConfiguration section */
		16BC9D672345130C0091C87F /* Debug */ = {
			isa = XCBuildConfiguration;
			buildSettings = {
				ALWAYS_SEARCH_USER_PATHS = NO;
				CLANG_ANALYZER_NONNULL = YES;
				CLANG_ANALYZER_NUMBER_OBJECT_CONVERSION = YES_AGGRESSIVE;
				CLANG_CXX_LANGUAGE_STANDARD = "gnu++14";
				CLANG_CXX_LIBRARY = "libc++";
				CLANG_ENABLE_MODULES = YES;
				CLANG_ENABLE_OBJC_ARC = YES;
				CLANG_ENABLE_OBJC_WEAK = YES;
				CLANG_WARN_BLOCK_CAPTURE_AUTORELEASING = YES;
				CLANG_WARN_BOOL_CONVERSION = YES;
				CLANG_WARN_COMMA = YES;
				CLANG_WARN_CONSTANT_CONVERSION = YES;
				CLANG_WARN_DEPRECATED_OBJC_IMPLEMENTATIONS = YES;
				CLANG_WARN_DIRECT_OBJC_ISA_USAGE = YES_ERROR;
				CLANG_WARN_DOCUMENTATION_COMMENTS = YES;
				CLANG_WARN_EMPTY_BODY = YES;
				CLANG_WARN_ENUM_CONVERSION = YES;
				CLANG_WARN_INFINITE_RECURSION = YES;
				CLANG_WARN_INT_CONVERSION = YES;
				CLANG_WARN_NON_LITERAL_NULL_CONVERSION = YES;
				CLANG_WARN_OBJC_IMPLICIT_RETAIN_SELF = YES;
				CLANG_WARN_OBJC_LITERAL_CONVERSION = YES;
				CLANG_WARN_OBJC_ROOT_CLASS = YES_ERROR;
				CLANG_WARN_RANGE_LOOP_ANALYSIS = YES;
				CLANG_WARN_STRICT_PROTOTYPES = YES;
				CLANG_WARN_SUSPICIOUS_MOVE = YES;
				CLANG_WARN_UNGUARDED_AVAILABILITY = YES_AGGRESSIVE;
				CLANG_WARN_UNREACHABLE_CODE = YES;
				CLANG_WARN__DUPLICATE_METHOD_MATCH = YES;
				CODE_SIGN_IDENTITY = "iPhone Developer";
				COPY_PHASE_STRIP = NO;
				DEBUG_INFORMATION_FORMAT = dwarf;
				ENABLE_STRICT_OBJC_MSGSEND = YES;
				ENABLE_TESTABILITY = YES;
				GCC_C_LANGUAGE_STANDARD = gnu11;
				GCC_DYNAMIC_NO_PIC = NO;
				GCC_NO_COMMON_BLOCKS = YES;
				GCC_OPTIMIZATION_LEVEL = 0;
				GCC_PREPROCESSOR_DEFINITIONS = (
					"DEBUG=1",
					"$(inherited)",
				);
				GCC_WARN_64_TO_32_BIT_CONVERSION = YES;
				GCC_WARN_ABOUT_RETURN_TYPE = YES_ERROR;
				GCC_WARN_UNDECLARED_SELECTOR = YES;
				GCC_WARN_UNINITIALIZED_AUTOS = YES_AGGRESSIVE;
				GCC_WARN_UNUSED_FUNCTION = YES;
				GCC_WARN_UNUSED_VARIABLE = YES;
				IPHONEOS_DEPLOYMENT_TARGET = 12.4;
				MTL_ENABLE_DEBUG_INFO = INCLUDE_SOURCE;
				MTL_FAST_MATH = YES;
				ONLY_ACTIVE_ARCH = YES;
				SDKROOT = iphoneos;
				SWIFT_ACTIVE_COMPILATION_CONDITIONS = DEBUG;
				SWIFT_OPTIMIZATION_LEVEL = "-Onone";
			};
			name = Debug;
		};
		16BC9D682345130C0091C87F /* Release */ = {
			isa = XCBuildConfiguration;
			buildSettings = {
				ALWAYS_SEARCH_USER_PATHS = NO;
				CLANG_ANALYZER_NONNULL = YES;
				CLANG_ANALYZER_NUMBER_OBJECT_CONVERSION = YES_AGGRESSIVE;
				CLANG_CXX_LANGUAGE_STANDARD = "gnu++14";
				CLANG_CXX_LIBRARY = "libc++";
				CLANG_ENABLE_MODULES = YES;
				CLANG_ENABLE_OBJC_ARC = YES;
				CLANG_ENABLE_OBJC_WEAK = YES;
				CLANG_WARN_BLOCK_CAPTURE_AUTORELEASING = YES;
				CLANG_WARN_BOOL_CONVERSION = YES;
				CLANG_WARN_COMMA = YES;
				CLANG_WARN_CONSTANT_CONVERSION = YES;
				CLANG_WARN_DEPRECATED_OBJC_IMPLEMENTATIONS = YES;
				CLANG_WARN_DIRECT_OBJC_ISA_USAGE = YES_ERROR;
				CLANG_WARN_DOCUMENTATION_COMMENTS = YES;
				CLANG_WARN_EMPTY_BODY = YES;
				CLANG_WARN_ENUM_CONVERSION = YES;
				CLANG_WARN_INFINITE_RECURSION = YES;
				CLANG_WARN_INT_CONVERSION = YES;
				CLANG_WARN_NON_LITERAL_NULL_CONVERSION = YES;
				CLANG_WARN_OBJC_IMPLICIT_RETAIN_SELF = YES;
				CLANG_WARN_OBJC_LITERAL_CONVERSION = YES;
				CLANG_WARN_OBJC_ROOT_CLASS = YES_ERROR;
				CLANG_WARN_RANGE_LOOP_ANALYSIS = YES;
				CLANG_WARN_STRICT_PROTOTYPES = YES;
				CLANG_WARN_SUSPICIOUS_MOVE = YES;
				CLANG_WARN_UNGUARDED_AVAILABILITY = YES_AGGRESSIVE;
				CLANG_WARN_UNREACHABLE_CODE = YES;
				CLANG_WARN__DUPLICATE_METHOD_MATCH = YES;
				CODE_SIGN_IDENTITY = "iPhone Developer";
				COPY_PHASE_STRIP = NO;
				DEBUG_INFORMATION_FORMAT = "dwarf-with-dsym";
				ENABLE_NS_ASSERTIONS = NO;
				ENABLE_STRICT_OBJC_MSGSEND = YES;
				GCC_C_LANGUAGE_STANDARD = gnu11;
				GCC_NO_COMMON_BLOCKS = YES;
				GCC_WARN_64_TO_32_BIT_CONVERSION = YES;
				GCC_WARN_ABOUT_RETURN_TYPE = YES_ERROR;
				GCC_WARN_UNDECLARED_SELECTOR = YES;
				GCC_WARN_UNINITIALIZED_AUTOS = YES_AGGRESSIVE;
				GCC_WARN_UNUSED_FUNCTION = YES;
				GCC_WARN_UNUSED_VARIABLE = YES;
				IPHONEOS_DEPLOYMENT_TARGET = 12.4;
				MTL_ENABLE_DEBUG_INFO = NO;
				MTL_FAST_MATH = YES;
				SDKROOT = iphoneos;
				SWIFT_COMPILATION_MODE = wholemodule;
				SWIFT_OPTIMIZATION_LEVEL = "-O";
				VALIDATE_PRODUCT = YES;
			};
			name = Release;
		};
		16BC9D6A2345130C0091C87F /* Debug */ = {
			isa = XCBuildConfiguration;
			baseConfigurationReference = 64CC80D074EA31E61C57DC64 /* Pods-ARKitFindor.debug.xcconfig */;
			buildSettings = {
				ASSETCATALOG_COMPILER_APPICON_NAME = AppIcon;
				CODE_SIGN_STYLE = Automatic;
				DEVELOPMENT_TEAM = WTE7DB994Y;
				INFOPLIST_FILE = ARKitFindor/Info.plist;
				IPHONEOS_DEPLOYMENT_TARGET = 12.1;
				LD_RUNPATH_SEARCH_PATHS = (
					"$(inherited)",
					"@executable_path/Frameworks",
				);
				PRODUCT_BUNDLE_IDENTIFIER = Khaled.ARKitFindor;
				PRODUCT_NAME = "$(TARGET_NAME)";
				SWIFT_VERSION = 5.0;
				TARGETED_DEVICE_FAMILY = "1,2";
			};
			name = Debug;
		};
		16BC9D6B2345130C0091C87F /* Release */ = {
			isa = XCBuildConfiguration;
			baseConfigurationReference = F532C6430DF835E37EC3E26F /* Pods-ARKitFindor.release.xcconfig */;
			buildSettings = {
				ASSETCATALOG_COMPILER_APPICON_NAME = AppIcon;
				CODE_SIGN_STYLE = Automatic;
				DEVELOPMENT_TEAM = WTE7DB994Y;
				INFOPLIST_FILE = ARKitFindor/Info.plist;
				IPHONEOS_DEPLOYMENT_TARGET = 12.1;
				LD_RUNPATH_SEARCH_PATHS = (
					"$(inherited)",
					"@executable_path/Frameworks",
				);
				PRODUCT_BUNDLE_IDENTIFIER = Khaled.ARKitFindor;
				PRODUCT_NAME = "$(TARGET_NAME)";
				SWIFT_VERSION = 5.0;
				TARGETED_DEVICE_FAMILY = "1,2";
			};
			name = Release;
		};
/* End XCBuildConfiguration section */

/* Begin XCConfigurationList section */
		16BC9D502345130A0091C87F /* Build configuration list for PBXProject "ARKitFindor" */ = {
			isa = XCConfigurationList;
			buildConfigurations = (
				16BC9D672345130C0091C87F /* Debug */,
				16BC9D682345130C0091C87F /* Release */,
			);
			defaultConfigurationIsVisible = 0;
			defaultConfigurationName = Release;
		};
		16BC9D692345130C0091C87F /* Build configuration list for PBXNativeTarget "ARKitFindor" */ = {
			isa = XCConfigurationList;
			buildConfigurations = (
				16BC9D6A2345130C0091C87F /* Debug */,
				16BC9D6B2345130C0091C87F /* Release */,
			);
			defaultConfigurationIsVisible = 0;
			defaultConfigurationName = Release;
		};
/* End XCConfigurationList section */
	};
	rootObject = 16BC9D4D2345130A0091C87F /* Project object */;
}
